// !$*UTF8*$!
{
	archiveVersion = 1;
	classes = {
	};
	objectVersion = 46;
	objects = {

/* Begin PBXBuildFile section */
		7433BFAE157A9B0E00BF89EA /* SunflowRenderer.cpp in Sources */ = {isa = PBXBuildFile; fileRef = 7433BFAB157A9B0E00BF89EA /* SunflowRenderer.cpp */; };
		7433BFB4157A9B1600BF89EA /* AppRenderer.cpp in Sources */ = {isa = PBXBuildFile; fileRef = 7433BFAF157A9B1600BF89EA /* AppRenderer.cpp */; };
		7433BFB5157A9B1600BF89EA /* AppWindow.cpp in Sources */ = {isa = PBXBuildFile; fileRef = 7433BFB1157A9B1600BF89EA /* AppWindow.cpp */; };
		7433BFB6157A9B1600BF89EA /* BaseApp.cpp in Sources */ = {isa = PBXBuildFile; fileRef = 7433BFB3157A9B1600BF89EA /* BaseApp.cpp */; };
		7456B783154ABA5F0059EC27 /* OpenGL.framework in Frameworks */ = {isa = PBXBuildFile; fileRef = 7456B782154ABA5F0059EC27 /* OpenGL.framework */; };
		7456B785154ABA660059EC27 /* GLUT.framework in Frameworks */ = {isa = PBXBuildFile; fileRef = 7456B784154ABA660059EC27 /* GLUT.framework */; };
		7456B787154ABA700059EC27 /* Foundation.framework in Frameworks */ = {isa = PBXBuildFile; fileRef = 7456B786154ABA700059EC27 /* Foundation.framework */; };
		7456B795154AC0CB0059EC27 /* main.cpp in Sources */ = {isa = PBXBuildFile; fileRef = 7456B792154AC0CB0059EC27 /* main.cpp */; };
		7456B796154AC0CB0059EC27 /* testApp.cpp in Sources */ = {isa = PBXBuildFile; fileRef = 7456B793154AC0CB0059EC27 /* testApp.cpp */; };
		74C9F6301574666000AAAE7A /* Trackball.cpp in Sources */ = {isa = PBXBuildFile; fileRef = 74C9F6281574666000AAAE7A /* Trackball.cpp */; };
		74C9F6441574669200AAAE7A /* ofMath.cpp in Sources */ = {isa = PBXBuildFile; fileRef = 74C9F6331574669200AAAE7A /* ofMath.cpp */; };
		74C9F6451574669200AAAE7A /* ofMatrix3x3.cpp in Sources */ = {isa = PBXBuildFile; fileRef = 74C9F6351574669200AAAE7A /* ofMatrix3x3.cpp */; };
		74C9F6461574669200AAAE7A /* ofMatrix4x4.cpp in Sources */ = {isa = PBXBuildFile; fileRef = 74C9F6371574669200AAAE7A /* ofMatrix4x4.cpp */; };
		74C9F6471574669200AAAE7A /* ofQuaternion.cpp in Sources */ = {isa = PBXBuildFile; fileRef = 74C9F6391574669200AAAE7A /* ofQuaternion.cpp */; };
		74C9F6481574669200AAAE7A /* ofVec2f.cpp in Sources */ = {isa = PBXBuildFile; fileRef = 74C9F63B1574669200AAAE7A /* ofVec2f.cpp */; };
		74C9F6491574669200AAAE7A /* ofVec4f.cpp in Sources */ = {isa = PBXBuildFile; fileRef = 74C9F63E1574669200AAAE7A /* ofVec4f.cpp */; };
		74DFCFAF154B8CA2006EA134 /* RunApp.cpp in Sources */ = {isa = PBXBuildFile; fileRef = 74DFCF8D154B8CA2006EA134 /* RunApp.cpp */; };
		74DFCFB7154B8CA2006EA134 /* BufferStream.cpp in Sources */ = {isa = PBXBuildFile; fileRef = 74DFCFA8154B8CA2006EA134 /* BufferStream.cpp */; };
		74DFCFC3154B9753006EA134 /* GLRenderer.cpp in Sources */ = {isa = PBXBuildFile; fileRef = 74DFCFC2154B9752006EA134 /* GLRenderer.cpp */; };
/* End PBXBuildFile section */

/* Begin PBXCopyFilesBuildPhase section */
		7456B76E154AB95C0059EC27 /* CopyFiles */ = {
			isa = PBXCopyFilesBuildPhase;
			buildActionMask = 2147483647;
			dstPath = /usr/share/man/man1/;
			dstSubfolderSpec = 0;
			files = (
			);
			runOnlyForDeploymentPostprocessing = 1;
		};
/* End PBXCopyFilesBuildPhase section */

/* Begin PBXFileReference section */
		7433BFAB157A9B0E00BF89EA /* SunflowRenderer.cpp */ = {isa = PBXFileReference; fileEncoding = 4; lastKnownFileType = sourcecode.cpp.cpp; path = SunflowRenderer.cpp; sourceTree = "<group>"; };
		7433BFAC157A9B0E00BF89EA /* SunflowRenderer.h */ = {isa = PBXFileReference; fileEncoding = 4; lastKnownFileType = sourcecode.c.h; path = SunflowRenderer.h; sourceTree = "<group>"; };
		7433BFAD157A9B0E00BF89EA /* SunflowRenderOption.h */ = {isa = PBXFileReference; fileEncoding = 4; lastKnownFileType = sourcecode.c.h; path = SunflowRenderOption.h; sourceTree = "<group>"; };
		7433BFAF157A9B1600BF89EA /* AppRenderer.cpp */ = {isa = PBXFileReference; fileEncoding = 4; lastKnownFileType = sourcecode.cpp.cpp; path = AppRenderer.cpp; sourceTree = "<group>"; };
		7433BFB0157A9B1600BF89EA /* AppRenderer.h */ = {isa = PBXFileReference; fileEncoding = 4; lastKnownFileType = sourcecode.c.h; path = AppRenderer.h; sourceTree = "<group>"; };
		7433BFB1157A9B1600BF89EA /* AppWindow.cpp */ = {isa = PBXFileReference; fileEncoding = 4; lastKnownFileType = sourcecode.cpp.cpp; path = AppWindow.cpp; sourceTree = "<group>"; };
		7433BFB2157A9B1600BF89EA /* AppWindow.h */ = {isa = PBXFileReference; fileEncoding = 4; lastKnownFileType = sourcecode.c.h; path = AppWindow.h; sourceTree = "<group>"; };
		7433BFB3157A9B1600BF89EA /* BaseApp.cpp */ = {isa = PBXFileReference; fileEncoding = 4; lastKnownFileType = sourcecode.cpp.cpp; path = BaseApp.cpp; sourceTree = "<group>"; };
		7456B770154AB95C0059EC27 /* emptyExample */ = {isa = PBXFileReference; explicitFileType = "compiled.mach-o.executable"; includeInIndex = 0; path = emptyExample; sourceTree = BUILT_PRODUCTS_DIR; };
		7456B782154ABA5F0059EC27 /* OpenGL.framework */ = {isa = PBXFileReference; lastKnownFileType = wrapper.framework; name = OpenGL.framework; path = System/Library/Frameworks/OpenGL.framework; sourceTree = SDKROOT; };
		7456B784154ABA660059EC27 /* GLUT.framework */ = {isa = PBXFileReference; lastKnownFileType = wrapper.framework; name = GLUT.framework; path = System/Library/Frameworks/GLUT.framework; sourceTree = SDKROOT; };
		7456B786154ABA700059EC27 /* Foundation.framework */ = {isa = PBXFileReference; lastKnownFileType = wrapper.framework; name = Foundation.framework; path = System/Library/Frameworks/Foundation.framework; sourceTree = SDKROOT; };
		7456B792154AC0CB0059EC27 /* main.cpp */ = {isa = PBXFileReference; fileEncoding = 4; lastKnownFileType = sourcecode.cpp.cpp; path = main.cpp; sourceTree = "<group>"; };
		7456B793154AC0CB0059EC27 /* testApp.cpp */ = {isa = PBXFileReference; fileEncoding = 4; lastKnownFileType = sourcecode.cpp.cpp; path = testApp.cpp; sourceTree = "<group>"; };
		7456B794154AC0CB0059EC27 /* testApp.h */ = {isa = PBXFileReference; fileEncoding = 4; lastKnownFileType = sourcecode.c.h; path = testApp.h; sourceTree = "<group>"; };
		748E0901154D3C0800D2BB5B /* BaseApp.h */ = {isa = PBXFileReference; fileEncoding = 4; lastKnownFileType = sourcecode.c.h; path = BaseApp.h; sourceTree = "<group>"; };
		748E0921154D4A8300D2BB5B /* BaseBlock.h */ = {isa = PBXFileReference; fileEncoding = 4; lastKnownFileType = sourcecode.c.h; path = BaseBlock.h; sourceTree = "<group>"; };
		748E0923154D4A8300D2BB5B /* CameraBlock.h */ = {isa = PBXFileReference; fileEncoding = 4; lastKnownFileType = sourcecode.c.h; path = CameraBlock.h; sourceTree = "<group>"; };
		748E0925154D4A8300D2BB5B /* GlobalIlluminationBlock.h */ = {isa = PBXFileReference; fileEncoding = 4; lastKnownFileType = sourcecode.c.h; path = GlobalIlluminationBlock.h; sourceTree = "<group>"; };
		748E0927154D4A8300D2BB5B /* ImageBlock.h */ = {isa = PBXFileReference; fileEncoding = 4; lastKnownFileType = sourcecode.c.h; path = ImageBlock.h; sourceTree = "<group>"; };
		748E0929154D4A8300D2BB5B /* LightBlock.h */ = {isa = PBXFileReference; fileEncoding = 4; lastKnownFileType = sourcecode.c.h; path = LightBlock.h; sourceTree = "<group>"; };
		748E092B154D4A8300D2BB5B /* MeshBlock.h */ = {isa = PBXFileReference; fileEncoding = 4; lastKnownFileType = sourcecode.c.h; path = MeshBlock.h; sourceTree = "<group>"; };
		748E092D154D4A8300D2BB5B /* ShaderBlock.h */ = {isa = PBXFileReference; fileEncoding = 4; lastKnownFileType = sourcecode.c.h; path = ShaderBlock.h; sourceTree = "<group>"; };
		74BFB1AA1577003B0022192B /* PinholeCameraBlock.h */ = {isa = PBXFileReference; fileEncoding = 4; lastKnownFileType = sourcecode.c.h; path = PinholeCameraBlock.h; sourceTree = "<group>"; };
		74BFB1AC157702900022192B /* AmbientOcclusionBlock.h */ = {isa = PBXFileReference; fileEncoding = 4; lastKnownFileType = sourcecode.c.h; path = AmbientOcclusionBlock.h; sourceTree = "<group>"; };
		74BFB1AD157705100022192B /* PointLightBlock.h */ = {isa = PBXFileReference; fileEncoding = 4; lastKnownFileType = sourcecode.c.h; path = PointLightBlock.h; sourceTree = "<group>"; };
		74BFB1AE157705460022192B /* SunskyLightBlock.h */ = {isa = PBXFileReference; fileEncoding = 4; lastKnownFileType = sourcecode.c.h; path = SunskyLightBlock.h; sourceTree = "<group>"; };
		74BFB1AF1577075D0022192B /* DiffuseShader.h */ = {isa = PBXFileReference; fileEncoding = 4; lastKnownFileType = sourcecode.c.h; path = DiffuseShader.h; sourceTree = "<group>"; };
		74BFB1B0157707860022192B /* ShinyShaderBlock.h */ = {isa = PBXFileReference; fileEncoding = 4; lastKnownFileType = sourcecode.c.h; path = ShinyShaderBlock.h; sourceTree = "<group>"; };
		74BFB1B1157709690022192B /* BoxGenericMeshBlock.h */ = {isa = PBXFileReference; fileEncoding = 4; lastKnownFileType = sourcecode.c.h; path = BoxGenericMeshBlock.h; sourceTree = "<group>"; };
		74BFB1B215770A730022192B /* InstanceBlock.h */ = {isa = PBXFileReference; fileEncoding = 4; lastKnownFileType = sourcecode.c.h; path = InstanceBlock.h; sourceTree = "<group>"; };
		74BFB1B315770B600022192B /* PlaneBlock.h */ = {isa = PBXFileReference; fileEncoding = 4; lastKnownFileType = sourcecode.c.h; path = PlaneBlock.h; sourceTree = "<group>"; };
		74BFB1B415770C1D0022192B /* SphereBlock.h */ = {isa = PBXFileReference; fileEncoding = 4; lastKnownFileType = sourcecode.c.h; path = SphereBlock.h; sourceTree = "<group>"; };
		74BFB1B515770C860022192B /* QuadsBlock.h */ = {isa = PBXFileReference; fileEncoding = 4; lastKnownFileType = sourcecode.c.h; path = QuadsBlock.h; sourceTree = "<group>"; };
		74C9F6281574666000AAAE7A /* Trackball.cpp */ = {isa = PBXFileReference; fileEncoding = 4; lastKnownFileType = sourcecode.cpp.cpp; path = Trackball.cpp; sourceTree = "<group>"; };
		74C9F6291574666000AAAE7A /* Trackball.h */ = {isa = PBXFileReference; fileEncoding = 4; lastKnownFileType = sourcecode.c.h; path = Trackball.h; sourceTree = "<group>"; };
		74C9F6331574669200AAAE7A /* ofMath.cpp */ = {isa = PBXFileReference; fileEncoding = 4; lastKnownFileType = sourcecode.cpp.cpp; path = ofMath.cpp; sourceTree = "<group>"; };
		74C9F6341574669200AAAE7A /* ofMath.h */ = {isa = PBXFileReference; fileEncoding = 4; lastKnownFileType = sourcecode.c.h; path = ofMath.h; sourceTree = "<group>"; };
		74C9F6351574669200AAAE7A /* ofMatrix3x3.cpp */ = {isa = PBXFileReference; fileEncoding = 4; lastKnownFileType = sourcecode.cpp.cpp; path = ofMatrix3x3.cpp; sourceTree = "<group>"; };
		74C9F6361574669200AAAE7A /* ofMatrix3x3.h */ = {isa = PBXFileReference; fileEncoding = 4; lastKnownFileType = sourcecode.c.h; path = ofMatrix3x3.h; sourceTree = "<group>"; };
		74C9F6371574669200AAAE7A /* ofMatrix4x4.cpp */ = {isa = PBXFileReference; fileEncoding = 4; lastKnownFileType = sourcecode.cpp.cpp; path = ofMatrix4x4.cpp; sourceTree = "<group>"; };
		74C9F6381574669200AAAE7A /* ofMatrix4x4.h */ = {isa = PBXFileReference; fileEncoding = 4; lastKnownFileType = sourcecode.c.h; path = ofMatrix4x4.h; sourceTree = "<group>"; };
		74C9F6391574669200AAAE7A /* ofQuaternion.cpp */ = {isa = PBXFileReference; fileEncoding = 4; lastKnownFileType = sourcecode.cpp.cpp; path = ofQuaternion.cpp; sourceTree = "<group>"; };
		74C9F63A1574669200AAAE7A /* ofQuaternion.h */ = {isa = PBXFileReference; fileEncoding = 4; lastKnownFileType = sourcecode.c.h; path = ofQuaternion.h; sourceTree = "<group>"; };
		74C9F63B1574669200AAAE7A /* ofVec2f.cpp */ = {isa = PBXFileReference; fileEncoding = 4; lastKnownFileType = sourcecode.cpp.cpp; path = ofVec2f.cpp; sourceTree = "<group>"; };
		74C9F63C1574669200AAAE7A /* ofVec2f.h */ = {isa = PBXFileReference; fileEncoding = 4; lastKnownFileType = sourcecode.c.h; path = ofVec2f.h; sourceTree = "<group>"; };
		74C9F63D1574669200AAAE7A /* ofVec3f.h */ = {isa = PBXFileReference; fileEncoding = 4; lastKnownFileType = sourcecode.c.h; path = ofVec3f.h; sourceTree = "<group>"; };
		74C9F63E1574669200AAAE7A /* ofVec4f.cpp */ = {isa = PBXFileReference; fileEncoding = 4; lastKnownFileType = sourcecode.cpp.cpp; path = ofVec4f.cpp; sourceTree = "<group>"; };
		74C9F63F1574669200AAAE7A /* ofVec4f.h */ = {isa = PBXFileReference; fileEncoding = 4; lastKnownFileType = sourcecode.c.h; path = ofVec4f.h; sourceTree = "<group>"; };
		74C9F6401574669200AAAE7A /* ofVectorMath.h */ = {isa = PBXFileReference; fileEncoding = 4; lastKnownFileType = sourcecode.c.h; path = ofVectorMath.h; sourceTree = "<group>"; };
		74C9F6421574669200AAAE7A /* ofConstants.h */ = {isa = PBXFileReference; fileEncoding = 4; lastKnownFileType = sourcecode.c.h; path = ofConstants.h; sourceTree = "<group>"; };
		74C9F6431574669200AAAE7A /* ofNoise.h */ = {isa = PBXFileReference; fileEncoding = 4; lastKnownFileType = sourcecode.c.h; path = ofNoise.h; sourceTree = "<group>"; };
		74DFCF8D154B8CA2006EA134 /* RunApp.cpp */ = {isa = PBXFileReference; fileEncoding = 4; lastKnownFileType = sourcecode.cpp.cpp; path = RunApp.cpp; sourceTree = "<group>"; };
		74DFCF8E154B8CA2006EA134 /* RunApp.h */ = {isa = PBXFileReference; fileEncoding = 4; lastKnownFileType = sourcecode.c.h; path = RunApp.h; sourceTree = "<group>"; };
		74DFCFA3154B8CA2006EA134 /* GLRenderer.h */ = {isa = PBXFileReference; fileEncoding = 4; lastKnownFileType = sourcecode.c.h; path = GLRenderer.h; sourceTree = "<group>"; };
		74DFCFA6154B8CA2006EA134 /* sunflow.h */ = {isa = PBXFileReference; fileEncoding = 4; lastKnownFileType = sourcecode.c.h; path = sunflow.h; sourceTree = "<group>"; };
		74DFCFA8154B8CA2006EA134 /* BufferStream.cpp */ = {isa = PBXFileReference; fileEncoding = 4; lastKnownFileType = sourcecode.cpp.cpp; path = BufferStream.cpp; sourceTree = "<group>"; };
		74DFCFA9154B8CA2006EA134 /* BufferStream.h */ = {isa = PBXFileReference; fileEncoding = 4; lastKnownFileType = sourcecode.c.h; path = BufferStream.h; sourceTree = "<group>"; };
		74DFCFBC154B9168006EA134 /* Constants.h */ = {isa = PBXFileReference; fileEncoding = 4; lastKnownFileType = sourcecode.c.h; path = Constants.h; sourceTree = "<group>"; };
		74DFCFC2154B9752006EA134 /* GLRenderer.cpp */ = {isa = PBXFileReference; fileEncoding = 4; lastKnownFileType = sourcecode.cpp.cpp; path = GLRenderer.cpp; sourceTree = "<group>"; };
/* End PBXFileReference section */

/* Begin PBXFrameworksBuildPhase section */
		7456B76D154AB95C0059EC27 /* Frameworks */ = {
			isa = PBXFrameworksBuildPhase;
			buildActionMask = 2147483647;
			files = (
				7456B787154ABA700059EC27 /* Foundation.framework in Frameworks */,
				7456B785154ABA660059EC27 /* GLUT.framework in Frameworks */,
				7456B783154ABA5F0059EC27 /* OpenGL.framework in Frameworks */,
			);
			runOnlyForDeploymentPostprocessing = 0;
		};
/* End PBXFrameworksBuildPhase section */

/* Begin PBXGroup section */
		7456B765154AB95C0059EC27 = {
			isa = PBXGroup;
			children = (
				74DFCF8B154B8CA2006EA134 /* lib */,
				7456B790154AC0CB0059EC27 /* src */,
				7456B77E154AB9910059EC27 /* frameworks */,
				7456B771154AB95C0059EC27 /* Products */,
			);
			sourceTree = "<group>";
		};
		7456B771154AB95C0059EC27 /* Products */ = {
			isa = PBXGroup;
			children = (
				7456B770154AB95C0059EC27 /* emptyExample */,
			);
			name = Products;
			sourceTree = "<group>";
		};
		7456B77E154AB9910059EC27 /* frameworks */ = {
			isa = PBXGroup;
			children = (
				7456B786154ABA700059EC27 /* Foundation.framework */,
				7456B784154ABA660059EC27 /* GLUT.framework */,
				7456B782154ABA5F0059EC27 /* OpenGL.framework */,
			);
			name = frameworks;
			sourceTree = "<group>";
		};
		7456B790154AC0CB0059EC27 /* src */ = {
			isa = PBXGroup;
			children = (
				7456B792154AC0CB0059EC27 /* main.cpp */,
				7456B793154AC0CB0059EC27 /* testApp.cpp */,
				7456B794154AC0CB0059EC27 /* testApp.h */,
			);
			path = src;
			sourceTree = "<group>";
		};
		74C9F6271574666000AAAE7A /* utils */ = {
			isa = PBXGroup;
			children = (
				74C9F6281574666000AAAE7A /* Trackball.cpp */,
				74C9F6291574666000AAAE7A /* Trackball.h */,
			);
			path = utils;
			sourceTree = "<group>";
		};
		74C9F6311574669200AAAE7A /* openFrameworks */ = {
			isa = PBXGroup;
			children = (
				74C9F6321574669200AAAE7A /* math */,
				74C9F6411574669200AAAE7A /* utils */,
			);
			path = openFrameworks;
			sourceTree = "<group>";
		};
		74C9F6321574669200AAAE7A /* math */ = {
			isa = PBXGroup;
			children = (
				74C9F6331574669200AAAE7A /* ofMath.cpp */,
				74C9F6341574669200AAAE7A /* ofMath.h */,
				74C9F6351574669200AAAE7A /* ofMatrix3x3.cpp */,
				74C9F6361574669200AAAE7A /* ofMatrix3x3.h */,
				74C9F6371574669200AAAE7A /* ofMatrix4x4.cpp */,
				74C9F6381574669200AAAE7A /* ofMatrix4x4.h */,
				74C9F6391574669200AAAE7A /* ofQuaternion.cpp */,
				74C9F63A1574669200AAAE7A /* ofQuaternion.h */,
				74C9F63B1574669200AAAE7A /* ofVec2f.cpp */,
				74C9F63C1574669200AAAE7A /* ofVec2f.h */,
				74C9F63D1574669200AAAE7A /* ofVec3f.h */,
				74C9F63E1574669200AAAE7A /* ofVec4f.cpp */,
				74C9F63F1574669200AAAE7A /* ofVec4f.h */,
				74C9F6401574669200AAAE7A /* ofVectorMath.h */,
			);
			path = math;
			sourceTree = "<group>";
		};
		74C9F6411574669200AAAE7A /* utils */ = {
			isa = PBXGroup;
			children = (
				74C9F6421574669200AAAE7A /* ofConstants.h */,
				74C9F6431574669200AAAE7A /* ofNoise.h */,
			);
			path = utils;
			sourceTree = "<group>";
		};
		74DFCF8B154B8CA2006EA134 /* lib */ = {
			isa = PBXGroup;
			children = (
				74DFCF8C154B8CA2006EA134 /* app */,
				74DFCF8F154B8CA2006EA134 /* codeBlock */,
				74DFCF90154B8CA2006EA134 /* contrib */,
				74DFCFA2154B8CA2006EA134 /* renderer */,
				74DFCFA6154B8CA2006EA134 /* sunflow.h */,
				74DFCFA7154B8CA2006EA134 /* utils */,
			);
			name = lib;
			path = ../../src;
			sourceTree = "<group>";
		};
		74DFCF8C154B8CA2006EA134 /* app */ = {
			isa = PBXGroup;
			children = (
				7433BFAF157A9B1600BF89EA /* AppRenderer.cpp */,
				7433BFB0157A9B1600BF89EA /* AppRenderer.h */,
				7433BFB1157A9B1600BF89EA /* AppWindow.cpp */,
				7433BFB2157A9B1600BF89EA /* AppWindow.h */,
				7433BFB3157A9B1600BF89EA /* BaseApp.cpp */,
				74DFCF8D154B8CA2006EA134 /* RunApp.cpp */,
				74DFCF8E154B8CA2006EA134 /* RunApp.h */,
				748E0901154D3C0800D2BB5B /* BaseApp.h */,
			);
			path = app;
			sourceTree = "<group>";
		};
		74DFCF8F154B8CA2006EA134 /* codeBlock */ = {
			isa = PBXGroup;
			children = (
				748E0921154D4A8300D2BB5B /* BaseBlock.h */,
				748E0923154D4A8300D2BB5B /* CameraBlock.h */,
				748E0925154D4A8300D2BB5B /* GlobalIlluminationBlock.h */,
				748E0927154D4A8300D2BB5B /* ImageBlock.h */,
				748E0929154D4A8300D2BB5B /* LightBlock.h */,
				748E092B154D4A8300D2BB5B /* MeshBlock.h */,
				748E092D154D4A8300D2BB5B /* ShaderBlock.h */,
				74BFB1AA1577003B0022192B /* PinholeCameraBlock.h */,
				74BFB1AC157702900022192B /* AmbientOcclusionBlock.h */,
				74BFB1AD157705100022192B /* PointLightBlock.h */,
				74BFB1AE157705460022192B /* SunskyLightBlock.h */,
				74BFB1AF1577075D0022192B /* DiffuseShader.h */,
				74BFB1B0157707860022192B /* ShinyShaderBlock.h */,
				74BFB1B1157709690022192B /* BoxGenericMeshBlock.h */,
				74BFB1B215770A730022192B /* InstanceBlock.h */,
				74BFB1B315770B600022192B /* PlaneBlock.h */,
				74BFB1B415770C1D0022192B /* SphereBlock.h */,
				74BFB1B515770C860022192B /* QuadsBlock.h */,
			);
			path = codeBlock;
			sourceTree = "<group>";
		};
		74DFCF90154B8CA2006EA134 /* contrib */ = {
			isa = PBXGroup;
			children = (
				74C9F6311574669200AAAE7A /* openFrameworks */,
				74C9F6271574666000AAAE7A /* utils */,
			);
			path = contrib;
			sourceTree = "<group>";
		};
		74DFCFA2154B8CA2006EA134 /* renderer */ = {
			isa = PBXGroup;
			children = (
				7433BFAB157A9B0E00BF89EA /* SunflowRenderer.cpp */,
				7433BFAC157A9B0E00BF89EA /* SunflowRenderer.h */,
				7433BFAD157A9B0E00BF89EA /* SunflowRenderOption.h */,
				74DFCFA3154B8CA2006EA134 /* GLRenderer.h */,
				74DFCFC2154B9752006EA134 /* GLRenderer.cpp */,
			);
			path = renderer;
			sourceTree = "<group>";
		};
		74DFCFA7154B8CA2006EA134 /* utils */ = {
			isa = PBXGroup;
			children = (
				74DFCFBC154B9168006EA134 /* Constants.h */,
				74DFCFA8154B8CA2006EA134 /* BufferStream.cpp */,
				74DFCFA9154B8CA2006EA134 /* BufferStream.h */,
			);
			path = utils;
			sourceTree = "<group>";
		};
/* End PBXGroup section */

/* Begin PBXNativeTarget section */
		7456B76F154AB95C0059EC27 /* emptyExample */ = {
			isa = PBXNativeTarget;
			buildConfigurationList = 7456B77A154AB95C0059EC27 /* Build configuration list for PBXNativeTarget "emptyExample" */;
			buildPhases = (
				7456B76C154AB95C0059EC27 /* Sources */,
				7456B76D154AB95C0059EC27 /* Frameworks */,
				7456B76E154AB95C0059EC27 /* CopyFiles */,
			);
			buildRules = (
			);
			dependencies = (
			);
			name = emptyExample;
			productName = emptyExample;
			productReference = 7456B770154AB95C0059EC27 /* emptyExample */;
			productType = "com.apple.product-type.tool";
		};
/* End PBXNativeTarget section */

/* Begin PBXProject section */
		7456B767154AB95C0059EC27 /* Project object */ = {
			isa = PBXProject;
			attributes = {
				LastUpgradeCheck = 0420;
			};
			buildConfigurationList = 7456B76A154AB95C0059EC27 /* Build configuration list for PBXProject "emptyExample" */;
			compatibilityVersion = "Xcode 3.2";
			developmentRegion = English;
			hasScannedForEncodings = 0;
			knownRegions = (
				en,
			);
			mainGroup = 7456B765154AB95C0059EC27;
			productRefGroup = 7456B771154AB95C0059EC27 /* Products */;
			projectDirPath = "";
			projectRoot = "";
			targets = (
				7456B76F154AB95C0059EC27 /* emptyExample */,
			);
		};
/* End PBXProject section */

/* Begin PBXSourcesBuildPhase section */
		7456B76C154AB95C0059EC27 /* Sources */ = {
			isa = PBXSourcesBuildPhase;
			buildActionMask = 2147483647;
			files = (
				7456B795154AC0CB0059EC27 /* main.cpp in Sources */,
				7456B796154AC0CB0059EC27 /* testApp.cpp in Sources */,
				74DFCFAF154B8CA2006EA134 /* RunApp.cpp in Sources */,
				74DFCFB7154B8CA2006EA134 /* BufferStream.cpp in Sources */,
				74DFCFC3154B9753006EA134 /* GLRenderer.cpp in Sources */,
				74C9F6301574666000AAAE7A /* Trackball.cpp in Sources */,
				74C9F6441574669200AAAE7A /* ofMath.cpp in Sources */,
				74C9F6451574669200AAAE7A /* ofMatrix3x3.cpp in Sources */,
				74C9F6461574669200AAAE7A /* ofMatrix4x4.cpp in Sources */,
				74C9F6471574669200AAAE7A /* ofQuaternion.cpp in Sources */,
				74C9F6481574669200AAAE7A /* ofVec2f.cpp in Sources */,
				74C9F6491574669200AAAE7A /* ofVec4f.cpp in Sources */,
				7433BFAE157A9B0E00BF89EA /* SunflowRenderer.cpp in Sources */,
				7433BFB4157A9B1600BF89EA /* AppRenderer.cpp in Sources */,
				7433BFB5157A9B1600BF89EA /* AppWindow.cpp in Sources */,
				7433BFB6157A9B1600BF89EA /* BaseApp.cpp in Sources */,
			);
			runOnlyForDeploymentPostprocessing = 0;
		};
/* End PBXSourcesBuildPhase section */

/* Begin XCBuildConfiguration section */
		7456B778154AB95C0059EC27 /* Debug */ = {
			isa = XCBuildConfiguration;
			buildSettings = {
				ALWAYS_SEARCH_USER_PATHS = NO;
				ARCHS = "$(ARCHS_STANDARD_64_BIT)";
				CONFIGURATION_BUILD_DIR = "$(SRCROOT)/bin/";
				COPY_PHASE_STRIP = NO;
				GCC_C_LANGUAGE_STANDARD = gnu99;
				GCC_DYNAMIC_NO_PIC = NO;
				GCC_ENABLE_OBJC_EXCEPTIONS = YES;
				GCC_OPTIMIZATION_LEVEL = 0;
				GCC_PREPROCESSOR_DEFINITIONS = (
					"DEBUG=1",
					"$(inherited)",
				);
				GCC_SYMBOLS_PRIVATE_EXTERN = NO;
				GCC_VERSION = com.apple.compilers.llvm.clang.1_0;
				GCC_WARN_64_TO_32_BIT_CONVERSION = YES;
				GCC_WARN_ABOUT_MISSING_PROTOTYPES = YES;
				GCC_WARN_ABOUT_RETURN_TYPE = YES;
				GCC_WARN_UNUSED_VARIABLE = YES;
				MACOSX_DEPLOYMENT_TARGET = 10.6;
				ONLY_ACTIVE_ARCH = YES;
				SDKROOT = macosx;
			};
			name = Debug;
		};
		7456B779154AB95C0059EC27 /* Release */ = {
			isa = XCBuildConfiguration;
			buildSettings = {
				ALWAYS_SEARCH_USER_PATHS = NO;
				ARCHS = "$(ARCHS_STANDARD_64_BIT)";
				CONFIGURATION_BUILD_DIR = "$(SRCROOT)/bin/";
				COPY_PHASE_STRIP = YES;
				DEBUG_INFORMATION_FORMAT = "dwarf-with-dsym";
				GCC_C_LANGUAGE_STANDARD = gnu99;
				GCC_ENABLE_OBJC_EXCEPTIONS = YES;
				GCC_VERSION = com.apple.compilers.llvm.clang.1_0;
				GCC_WARN_64_TO_32_BIT_CONVERSION = YES;
				GCC_WARN_ABOUT_MISSING_PROTOTYPES = YES;
				GCC_WARN_ABOUT_RETURN_TYPE = YES;
				GCC_WARN_UNUSED_VARIABLE = YES;
				MACOSX_DEPLOYMENT_TARGET = 10.6;
				SDKROOT = macosx;
			};
			name = Release;
		};
		7456B77B154AB95C0059EC27 /* Debug */ = {
			isa = XCBuildConfiguration;
			buildSettings = {
				LD_MAP_FILE_PATH = "$(SRCROOT)/bin/";
				PRODUCT_NAME = emptyExample;
			};
			name = Debug;
		};
		7456B77C154AB95C0059EC27 /* Release */ = {
			isa = XCBuildConfiguration;
			buildSettings = {
				LD_MAP_FILE_PATH = "$(SRCROOT)/bin/";
				PRODUCT_NAME = emptyExample;
			};
			name = Release;
		};
/* End XCBuildConfiguration section */

/* Begin XCConfigurationList section */
		7456B76A154AB95C0059EC27 /* Build configuration list for PBXProject "emptyExample" */ = {
			isa = XCConfigurationList;
			buildConfigurations = (
				7456B778154AB95C0059EC27 /* Debug */,
				7456B779154AB95C0059EC27 /* Release */,
			);
			defaultConfigurationIsVisible = 0;
			defaultConfigurationName = Release;
		};
		7456B77A154AB95C0059EC27 /* Build configuration list for PBXNativeTarget "emptyExample" */ = {
			isa = XCConfigurationList;
			buildConfigurations = (
				7456B77B154AB95C0059EC27 /* Debug */,
				7456B77C154AB95C0059EC27 /* Release */,
			);
			defaultConfigurationIsVisible = 0;
			defaultConfigurationName = Release;
		};
/* End XCConfigurationList section */
	};
	rootObject = 7456B767154AB95C0059EC27 /* Project object */;
}
